// !$*UTF8*$!
{
	archiveVersion = 1;
	classes = {
	};
	objectVersion = 50;
	objects = {

/* Begin PBXBuildFile section */
		DB2BEA1C23174C4B00696565 /* Network.swift in Sources */ = {isa = PBXBuildFile; fileRef = DB2BEA1B23174C4B00696565 /* Network.swift */; };
		DB2BEA1F23175FB100696565 /* NetworkSwiftRepositories.swift in Sources */ = {isa = PBXBuildFile; fileRef = DB2BEA1E23175FB100696565 /* NetworkSwiftRepositories.swift */; };
		DB2BEA222317633D00696565 /* Repository.swift in Sources */ = {isa = PBXBuildFile; fileRef = DB2BEA212317633D00696565 /* Repository.swift */; };
		DB5652FC231AB0170083AFF7 /* RepositoriesViewModel.swift in Sources */ = {isa = PBXBuildFile; fileRef = DB5652FB231AB0170083AFF7 /* RepositoriesViewModel.swift */; };
		DB5652FF231AF7A10083AFF7 /* RepositoryTableViewCell.swift in Sources */ = {isa = PBXBuildFile; fileRef = DB5652FE231AF7A10083AFF7 /* RepositoryTableViewCell.swift */; };
		DBAA670F231BC7E900A373E8 /* Repository.json in Resources */ = {isa = PBXBuildFile; fileRef = DBAA670E231BC7E900A373E8 /* Repository.json */; };
		DBAA6710231BC8AC00A373E8 /* RepositorySpecs.swift in Sources */ = {isa = PBXBuildFile; fileRef = DBAA670B231BC54000A373E8 /* RepositorySpecs.swift */; };
		DBAA6712231BC92000A373E8 /* Nimble.framework in Frameworks */ = {isa = PBXBuildFile; fileRef = DBAA6711231BC92000A373E8 /* Nimble.framework */; };
		DBAA6714231BC93500A373E8 /* Quick.framework in Frameworks */ = {isa = PBXBuildFile; fileRef = DBAA6713231BC93500A373E8 /* Quick.framework */; };
		DBAA6716231BD2F200A373E8 /* ViewControllerSpecs.swift in Sources */ = {isa = PBXBuildFile; fileRef = DBAA6715231BD2F200A373E8 /* ViewControllerSpecs.swift */; };
		DBAA6718231BD5B000A373E8 /* RepositoryTableViewCellSpecs.swift in Sources */ = {isa = PBXBuildFile; fileRef = DBAA6717231BD5B000A373E8 /* RepositoryTableViewCellSpecs.swift */; };
		DBAA671C231BE6E300A373E8 /* FBSnapshotTestCase.framework in Frameworks */ = {isa = PBXBuildFile; fileRef = DBAA671B231BE6E300A373E8 /* FBSnapshotTestCase.framework */; };
		DBAA671F231BE77200A373E8 /* ViewControllerTests.swift in Sources */ = {isa = PBXBuildFile; fileRef = DBAA671E231BE77200A373E8 /* ViewControllerTests.swift */; };
		DBB2A33D231B06FC00A6A1F4 /* Extensions.swift in Sources */ = {isa = PBXBuildFile; fileRef = DBB2A33C231B06FC00A6A1F4 /* Extensions.swift */; };
		DBFA1E292316AF77009E2489 /* AppDelegate.swift in Sources */ = {isa = PBXBuildFile; fileRef = DBFA1E282316AF77009E2489 /* AppDelegate.swift */; };
		DBFA1E2B2316AF77009E2489 /* ViewController.swift in Sources */ = {isa = PBXBuildFile; fileRef = DBFA1E2A2316AF77009E2489 /* ViewController.swift */; };
		DBFA1E302316AF79009E2489 /* Assets.xcassets in Resources */ = {isa = PBXBuildFile; fileRef = DBFA1E2F2316AF79009E2489 /* Assets.xcassets */; };
		DBFA1E332316AF79009E2489 /* LaunchScreen.storyboard in Resources */ = {isa = PBXBuildFile; fileRef = DBFA1E312316AF79009E2489 /* LaunchScreen.storyboard */; };
		DBFA1E3E2316AF79009E2489 /* Swift_StarsTests.swift in Sources */ = {isa = PBXBuildFile; fileRef = DBFA1E3D2316AF79009E2489 /* Swift_StarsTests.swift */; };
		DBFA1E4B2316B306009E2489 /* SnapKit.framework in Frameworks */ = {isa = PBXBuildFile; fileRef = DBFA1E4A2316B306009E2489 /* SnapKit.framework */; };
/* End PBXBuildFile section */

/* Begin PBXContainerItemProxy section */
		DBFA1E3A2316AF79009E2489 /* PBXContainerItemProxy */ = {
			isa = PBXContainerItemProxy;
			containerPortal = DBFA1E1D2316AF77009E2489 /* Project object */;
			proxyType = 1;
			remoteGlobalIDString = DBFA1E242316AF77009E2489;
			remoteInfo = "Swift Stars";
		};
/* End PBXContainerItemProxy section */

/* Begin PBXFileReference section */
		DB2BEA1B23174C4B00696565 /* Network.swift */ = {isa = PBXFileReference; lastKnownFileType = sourcecode.swift; path = Network.swift; sourceTree = "<group>"; };
		DB2BEA1E23175FB100696565 /* NetworkSwiftRepositories.swift */ = {isa = PBXFileReference; lastKnownFileType = sourcecode.swift; path = NetworkSwiftRepositories.swift; sourceTree = "<group>"; };
		DB2BEA212317633D00696565 /* Repository.swift */ = {isa = PBXFileReference; lastKnownFileType = sourcecode.swift; path = Repository.swift; sourceTree = "<group>"; };
		DB5652FB231AB0170083AFF7 /* RepositoriesViewModel.swift */ = {isa = PBXFileReference; lastKnownFileType = sourcecode.swift; path = RepositoriesViewModel.swift; sourceTree = "<group>"; };
		DB5652FE231AF7A10083AFF7 /* RepositoryTableViewCell.swift */ = {isa = PBXFileReference; lastKnownFileType = sourcecode.swift; path = RepositoryTableViewCell.swift; sourceTree = "<group>"; };
		DBAA670B231BC54000A373E8 /* RepositorySpecs.swift */ = {isa = PBXFileReference; lastKnownFileType = sourcecode.swift; path = RepositorySpecs.swift; sourceTree = "<group>"; };
		DBAA670E231BC7E900A373E8 /* Repository.json */ = {isa = PBXFileReference; lastKnownFileType = text.json; path = Repository.json; sourceTree = "<group>"; };
		DBAA6711231BC92000A373E8 /* Nimble.framework */ = {isa = PBXFileReference; lastKnownFileType = wrapper.framework; name = Nimble.framework; path = Carthage/Build/iOS/Nimble.framework; sourceTree = "<group>"; };
		DBAA6713231BC93500A373E8 /* Quick.framework */ = {isa = PBXFileReference; lastKnownFileType = wrapper.framework; name = Quick.framework; path = Carthage/Build/iOS/Quick.framework; sourceTree = "<group>"; };
		DBAA6715231BD2F200A373E8 /* ViewControllerSpecs.swift */ = {isa = PBXFileReference; lastKnownFileType = sourcecode.swift; path = ViewControllerSpecs.swift; sourceTree = "<group>"; };
		DBAA6717231BD5B000A373E8 /* RepositoryTableViewCellSpecs.swift */ = {isa = PBXFileReference; lastKnownFileType = sourcecode.swift; path = RepositoryTableViewCellSpecs.swift; sourceTree = "<group>"; };
		DBAA671B231BE6E300A373E8 /* FBSnapshotTestCase.framework */ = {isa = PBXFileReference; lastKnownFileType = wrapper.framework; name = FBSnapshotTestCase.framework; path = Carthage/Build/iOS/FBSnapshotTestCase.framework; sourceTree = "<group>"; };
		DBAA671E231BE77200A373E8 /* ViewControllerTests.swift */ = {isa = PBXFileReference; lastKnownFileType = sourcecode.swift; path = ViewControllerTests.swift; sourceTree = "<group>"; };
		DBB2A33C231B06FC00A6A1F4 /* Extensions.swift */ = {isa = PBXFileReference; lastKnownFileType = sourcecode.swift; path = Extensions.swift; sourceTree = "<group>"; };
		DBFA1E252316AF77009E2489 /* SwiftStars.app */ = {isa = PBXFileReference; explicitFileType = wrapper.application; includeInIndex = 0; path = SwiftStars.app; sourceTree = BUILT_PRODUCTS_DIR; };
		DBFA1E282316AF77009E2489 /* AppDelegate.swift */ = {isa = PBXFileReference; lastKnownFileType = sourcecode.swift; path = AppDelegate.swift; sourceTree = "<group>"; };
		DBFA1E2A2316AF77009E2489 /* ViewController.swift */ = {isa = PBXFileReference; lastKnownFileType = sourcecode.swift; path = ViewController.swift; sourceTree = "<group>"; };
		DBFA1E2F2316AF79009E2489 /* Assets.xcassets */ = {isa = PBXFileReference; lastKnownFileType = folder.assetcatalog; path = Assets.xcassets; sourceTree = "<group>"; };
		DBFA1E322316AF79009E2489 /* Base */ = {isa = PBXFileReference; lastKnownFileType = file.storyboard; name = Base; path = Base.lproj/LaunchScreen.storyboard; sourceTree = "<group>"; };
		DBFA1E342316AF79009E2489 /* Info.plist */ = {isa = PBXFileReference; lastKnownFileType = text.plist.xml; path = Info.plist; sourceTree = "<group>"; };
		DBFA1E392316AF79009E2489 /* SwiftStarsTests.xctest */ = {isa = PBXFileReference; explicitFileType = wrapper.cfbundle; includeInIndex = 0; path = SwiftStarsTests.xctest; sourceTree = BUILT_PRODUCTS_DIR; };
		DBFA1E3D2316AF79009E2489 /* Swift_StarsTests.swift */ = {isa = PBXFileReference; lastKnownFileType = sourcecode.swift; path = Swift_StarsTests.swift; sourceTree = "<group>"; };
		DBFA1E3F2316AF79009E2489 /* Info.plist */ = {isa = PBXFileReference; lastKnownFileType = text.plist.xml; path = Info.plist; sourceTree = "<group>"; };
		DBFA1E4A2316B306009E2489 /* SnapKit.framework */ = {isa = PBXFileReference; lastKnownFileType = wrapper.framework; name = SnapKit.framework; path = Carthage/Build/iOS/SnapKit.framework; sourceTree = "<group>"; };
/* End PBXFileReference section */

/* Begin PBXFrameworksBuildPhase section */
		DBFA1E222316AF77009E2489 /* Frameworks */ = {
			isa = PBXFrameworksBuildPhase;
			buildActionMask = 2147483647;
			files = (
				DBFA1E4B2316B306009E2489 /* SnapKit.framework in Frameworks */,
			);
			runOnlyForDeploymentPostprocessing = 0;
		};
		DBFA1E362316AF79009E2489 /* Frameworks */ = {
			isa = PBXFrameworksBuildPhase;
			buildActionMask = 2147483647;
			files = (
				DBAA6714231BC93500A373E8 /* Quick.framework in Frameworks */,
				DBAA671C231BE6E300A373E8 /* FBSnapshotTestCase.framework in Frameworks */,
				DBAA6712231BC92000A373E8 /* Nimble.framework in Frameworks */,
			);
			runOnlyForDeploymentPostprocessing = 0;
		};
/* End PBXFrameworksBuildPhase section */

/* Begin PBXGroup section */
		DB2BEA1D23174C5100696565 /* Network */ = {
			isa = PBXGroup;
			children = (
				DB2BEA1B23174C4B00696565 /* Network.swift */,
				DB2BEA1E23175FB100696565 /* NetworkSwiftRepositories.swift */,
			);
			path = Network;
			sourceTree = "<group>";
		};
		DB2BEA20231762E300696565 /* Models */ = {
			isa = PBXGroup;
			children = (
				DB2BEA212317633D00696565 /* Repository.swift */,
			);
			path = Models;
			sourceTree = "<group>";
		};
		DB5652FD231AB01F0083AFF7 /* ViewModels */ = {
			isa = PBXGroup;
			children = (
				DB5652FB231AB0170083AFF7 /* RepositoriesViewModel.swift */,
			);
			path = ViewModels;
			sourceTree = "<group>";
		};
		DBAA670D231BC74500A373E8 /* NimbleTests */ = {
			isa = PBXGroup;
			children = (
				DBAA670B231BC54000A373E8 /* RepositorySpecs.swift */,
				DBAA670E231BC7E900A373E8 /* Repository.json */,
				DBAA6715231BD2F200A373E8 /* ViewControllerSpecs.swift */,
				DBAA6717231BD5B000A373E8 /* RepositoryTableViewCellSpecs.swift */,
			);
			path = NimbleTests;
			sourceTree = "<group>";
		};
		DBAA671D231BE72E00A373E8 /* SnapshotTests */ = {
			isa = PBXGroup;
			children = (
				DBAA671E231BE77200A373E8 /* ViewControllerTests.swift */,
			);
			path = SnapshotTests;
			sourceTree = "<group>";
		};
		DBB2A33B231B00D200A6A1F4 /* Views */ = {
			isa = PBXGroup;
			children = (
				DB5652FE231AF7A10083AFF7 /* RepositoryTableViewCell.swift */,
			);
			path = Views;
			sourceTree = "<group>";
		};
		DBB2A33E231B13D600A6A1F4 /* Controllers */ = {
			isa = PBXGroup;
			children = (
				DBFA1E2A2316AF77009E2489 /* ViewController.swift */,
			);
			path = Controllers;
			sourceTree = "<group>";
		};
		DBFA1E1C2316AF77009E2489 = {
			isa = PBXGroup;
			children = (
				DBFA1E272316AF77009E2489 /* SwiftStars */,
				DBFA1E3C2316AF79009E2489 /* Swift StarsTests */,
				DBFA1E262316AF77009E2489 /* Products */,
				DBFA1E492316B305009E2489 /* Frameworks */,
			);
			sourceTree = "<group>";
		};
		DBFA1E262316AF77009E2489 /* Products */ = {
			isa = PBXGroup;
			children = (
				DBFA1E252316AF77009E2489 /* SwiftStars.app */,
				DBFA1E392316AF79009E2489 /* SwiftStarsTests.xctest */,
			);
			name = Products;
			sourceTree = "<group>";
		};
		DBFA1E272316AF77009E2489 /* SwiftStars */ = {
			isa = PBXGroup;
			children = (
				DBB2A33E231B13D600A6A1F4 /* Controllers */,
				DBB2A33B231B00D200A6A1F4 /* Views */,
				DB5652FD231AB01F0083AFF7 /* ViewModels */,
				DB2BEA20231762E300696565 /* Models */,
				DB2BEA1D23174C5100696565 /* Network */,
				DBFA1E282316AF77009E2489 /* AppDelegate.swift */,
				DBFA1E2F2316AF79009E2489 /* Assets.xcassets */,
				DBFA1E312316AF79009E2489 /* LaunchScreen.storyboard */,
				DBFA1E342316AF79009E2489 /* Info.plist */,
				DBB2A33C231B06FC00A6A1F4 /* Extensions.swift */,
			);
			path = SwiftStars;
			sourceTree = "<group>";
		};
		DBFA1E3C2316AF79009E2489 /* Swift StarsTests */ = {
			isa = PBXGroup;
			children = (
				DBAA671D231BE72E00A373E8 /* SnapshotTests */,
				DBAA670D231BC74500A373E8 /* NimbleTests */,
				DBFA1E3D2316AF79009E2489 /* Swift_StarsTests.swift */,
				DBFA1E3F2316AF79009E2489 /* Info.plist */,
			);
			path = "Swift StarsTests";
			sourceTree = "<group>";
		};
		DBFA1E492316B305009E2489 /* Frameworks */ = {
			isa = PBXGroup;
			children = (
				DBAA671B231BE6E300A373E8 /* FBSnapshotTestCase.framework */,
				DBAA6713231BC93500A373E8 /* Quick.framework */,
				DBAA6711231BC92000A373E8 /* Nimble.framework */,
				DBFA1E4A2316B306009E2489 /* SnapKit.framework */,
			);
			name = Frameworks;
			sourceTree = "<group>";
		};
/* End PBXGroup section */

/* Begin PBXNativeTarget section */
		DBFA1E242316AF77009E2489 /* SwiftStars */ = {
			isa = PBXNativeTarget;
			buildConfigurationList = DBFA1E422316AF79009E2489 /* Build configuration list for PBXNativeTarget "SwiftStars" */;
			buildPhases = (
				DBFA1E212316AF77009E2489 /* Sources */,
				DBFA1E222316AF77009E2489 /* Frameworks */,
				DBFA1E232316AF77009E2489 /* Resources */,
				DBFA1E482316B21F009E2489 /* Carthage */,
			);
			buildRules = (
			);
			dependencies = (
			);
			name = SwiftStars;
			productName = "Swift Stars";
			productReference = DBFA1E252316AF77009E2489 /* SwiftStars.app */;
			productType = "com.apple.product-type.application";
		};
		DBFA1E382316AF79009E2489 /* SwiftStarsTests */ = {
			isa = PBXNativeTarget;
			buildConfigurationList = DBFA1E452316AF79009E2489 /* Build configuration list for PBXNativeTarget "SwiftStarsTests" */;
			buildPhases = (
				DBFA1E352316AF79009E2489 /* Sources */,
				DBFA1E362316AF79009E2489 /* Frameworks */,
				DBFA1E372316AF79009E2489 /* Resources */,
			);
			buildRules = (
			);
			dependencies = (
				DBFA1E3B2316AF79009E2489 /* PBXTargetDependency */,
			);
			name = SwiftStarsTests;
			productName = "Swift StarsTests";
			productReference = DBFA1E392316AF79009E2489 /* SwiftStarsTests.xctest */;
			productType = "com.apple.product-type.bundle.unit-test";
		};
/* End PBXNativeTarget section */

/* Begin PBXProject section */
		DBFA1E1D2316AF77009E2489 /* Project object */ = {
			isa = PBXProject;
			attributes = {
				LastSwiftUpdateCheck = 1030;
				LastUpgradeCheck = 1220;
				ORGANIZATIONNAME = "Tomate Albertini";
				TargetAttributes = {
					DBFA1E242316AF77009E2489 = {
						CreatedOnToolsVersion = 10.3;
					};
					DBFA1E382316AF79009E2489 = {
						CreatedOnToolsVersion = 10.3;
						TestTargetID = DBFA1E242316AF77009E2489;
					};
				};
			};
			buildConfigurationList = DBFA1E202316AF77009E2489 /* Build configuration list for PBXProject "SwiftStars" */;
			compatibilityVersion = "Xcode 9.3";
			developmentRegion = en;
			hasScannedForEncodings = 0;
			knownRegions = (
				en,
				Base,
			);
			mainGroup = DBFA1E1C2316AF77009E2489;
			productRefGroup = DBFA1E262316AF77009E2489 /* Products */;
			projectDirPath = "";
			projectRoot = "";
			targets = (
				DBFA1E242316AF77009E2489 /* SwiftStars */,
				DBFA1E382316AF79009E2489 /* SwiftStarsTests */,
			);
		};
/* End PBXProject section */

/* Begin PBXResourcesBuildPhase section */
		DBFA1E232316AF77009E2489 /* Resources */ = {
			isa = PBXResourcesBuildPhase;
			buildActionMask = 2147483647;
			files = (
				DBFA1E332316AF79009E2489 /* LaunchScreen.storyboard in Resources */,
				DBAA670F231BC7E900A373E8 /* Repository.json in Resources */,
				DBFA1E302316AF79009E2489 /* Assets.xcassets in Resources */,
			);
			runOnlyForDeploymentPostprocessing = 0;
		};
		DBFA1E372316AF79009E2489 /* Resources */ = {
			isa = PBXResourcesBuildPhase;
			buildActionMask = 2147483647;
			files = (
			);
			runOnlyForDeploymentPostprocessing = 0;
		};
/* End PBXResourcesBuildPhase section */

/* Begin PBXShellScriptBuildPhase section */
		DBFA1E482316B21F009E2489 /* Carthage */ = {
			isa = PBXShellScriptBuildPhase;
			buildActionMask = 2147483647;
			files = (
			);
			inputFileListPaths = (
			);
			inputPaths = (
				"$(SRCROOT)/Carthage/Build/iOS/SnapKit.framework",
				"$(SRCROOT)/Carthage/Build/iOS/Nimble.framework",
				"$(SRCROOT)/Carthage/Build/iOS/Quick.framework",
				"$(SRCROOT)/Carthage/Build/iOS/FBSnapshotTestCase.framework",
			);
			name = Carthage;
			outputFileListPaths = (
			);
			outputPaths = (
				"$(BUILT_PRODUCTS_DIR)/$(FRAMEWORKS_FOLDER_PATH)/SnapKit.framework",
				"$(BUILT_PRODUCTS_DIR)/$(FRAMEWORKS_FOLDER_PATH)/Nimble.framework",
				"$(BUILT_PRODUCTS_DIR)/$(FRAMEWORKS_FOLDER_PATH)/Quick.framework",
				"$(BUILT_PRODUCTS_DIR)/$(FRAMEWORKS_FOLDER_PATH)/FBSnapshotTestCase.framework",
			);
			runOnlyForDeploymentPostprocessing = 0;
			shellPath = /bin/sh;
			shellScript = "/usr/local/bin/carthage copy-frameworks\n";
		};
/* End PBXShellScriptBuildPhase section */

/* Begin PBXSourcesBuildPhase section */
		DBFA1E212316AF77009E2489 /* Sources */ = {
			isa = PBXSourcesBuildPhase;
			buildActionMask = 2147483647;
			files = (
				DB2BEA1F23175FB100696565 /* NetworkSwiftRepositories.swift in Sources */,
				DBFA1E2B2316AF77009E2489 /* ViewController.swift in Sources */,
				DB5652FF231AF7A10083AFF7 /* RepositoryTableViewCell.swift in Sources */,
				DBB2A33D231B06FC00A6A1F4 /* Extensions.swift in Sources */,
				DB2BEA222317633D00696565 /* Repository.swift in Sources */,
				DBFA1E292316AF77009E2489 /* AppDelegate.swift in Sources */,
				DB5652FC231AB0170083AFF7 /* RepositoriesViewModel.swift in Sources */,
				DB2BEA1C23174C4B00696565 /* Network.swift in Sources */,
			);
			runOnlyForDeploymentPostprocessing = 0;
		};
		DBFA1E352316AF79009E2489 /* Sources */ = {
			isa = PBXSourcesBuildPhase;
			buildActionMask = 2147483647;
			files = (
				DBAA671F231BE77200A373E8 /* ViewControllerTests.swift in Sources */,
				DBAA6716231BD2F200A373E8 /* ViewControllerSpecs.swift in Sources */,
				DBAA6710231BC8AC00A373E8 /* RepositorySpecs.swift in Sources */,
				DBAA6718231BD5B000A373E8 /* RepositoryTableViewCellSpecs.swift in Sources */,
				DBFA1E3E2316AF79009E2489 /* Swift_StarsTests.swift in Sources */,
			);
			runOnlyForDeploymentPostprocessing = 0;
		};
/* End PBXSourcesBuildPhase section */

/* Begin PBXTargetDependency section */
		DBFA1E3B2316AF79009E2489 /* PBXTargetDependency */ = {
			isa = PBXTargetDependency;
			target = DBFA1E242316AF77009E2489 /* SwiftStars */;
			targetProxy = DBFA1E3A2316AF79009E2489 /* PBXContainerItemProxy */;
		};
/* End PBXTargetDependency section */

/* Begin PBXVariantGroup section */
		DBFA1E312316AF79009E2489 /* LaunchScreen.storyboard */ = {
			isa = PBXVariantGroup;
			children = (
				DBFA1E322316AF79009E2489 /* Base */,
			);
			name = LaunchScreen.storyboard;
			sourceTree = "<group>";
		};
/* End PBXVariantGroup section */

/* Begin XCBuildConfiguration section */
		DBFA1E402316AF79009E2489 /* Debug */ = {
			isa = XCBuildConfiguration;
			buildSettings = {
				ALWAYS_SEARCH_USER_PATHS = NO;
				CLANG_ANALYZER_NONNULL = YES;
				CLANG_ANALYZER_NUMBER_OBJECT_CONVERSION = YES_AGGRESSIVE;
				CLANG_CXX_LANGUAGE_STANDARD = "gnu++14";
				CLANG_CXX_LIBRARY = "libc++";
				CLANG_ENABLE_MODULES = YES;
				CLANG_ENABLE_OBJC_ARC = YES;
				CLANG_ENABLE_OBJC_WEAK = YES;
				CLANG_WARN_BLOCK_CAPTURE_AUTORELEASING = YES;
				CLANG_WARN_BOOL_CONVERSION = YES;
				CLANG_WARN_COMMA = YES;
				CLANG_WARN_CONSTANT_CONVERSION = YES;
				CLANG_WARN_DEPRECATED_OBJC_IMPLEMENTATIONS = YES;
				CLANG_WARN_DIRECT_OBJC_ISA_USAGE = YES_ERROR;
				CLANG_WARN_DOCUMENTATION_COMMENTS = YES;
				CLANG_WARN_EMPTY_BODY = YES;
				CLANG_WARN_ENUM_CONVERSION = YES;
				CLANG_WARN_INFINITE_RECURSION = YES;
				CLANG_WARN_INT_CONVERSION = YES;
				CLANG_WARN_NON_LITERAL_NULL_CONVERSION = YES;
				CLANG_WARN_OBJC_IMPLICIT_RETAIN_SELF = YES;
				CLANG_WARN_OBJC_LITERAL_CONVERSION = YES;
				CLANG_WARN_OBJC_ROOT_CLASS = YES_ERROR;
				CLANG_WARN_QUOTED_INCLUDE_IN_FRAMEWORK_HEADER = YES;
				CLANG_WARN_RANGE_LOOP_ANALYSIS = YES;
				CLANG_WARN_STRICT_PROTOTYPES = YES;
				CLANG_WARN_SUSPICIOUS_MOVE = YES;
				CLANG_WARN_UNGUARDED_AVAILABILITY = YES_AGGRESSIVE;
				CLANG_WARN_UNREACHABLE_CODE = YES;
				CLANG_WARN__DUPLICATE_METHOD_MATCH = YES;
				CODE_SIGN_IDENTITY = "iPhone Developer";
				COPY_PHASE_STRIP = NO;
				DEBUG_INFORMATION_FORMAT = dwarf;
				ENABLE_STRICT_OBJC_MSGSEND = YES;
				ENABLE_TESTABILITY = YES;
				GCC_C_LANGUAGE_STANDARD = gnu11;
				GCC_DYNAMIC_NO_PIC = NO;
				GCC_NO_COMMON_BLOCKS = YES;
				GCC_OPTIMIZATION_LEVEL = 0;
				GCC_PREPROCESSOR_DEFINITIONS = (
					"DEBUG=1",
					"$(inherited)",
				);
				GCC_WARN_64_TO_32_BIT_CONVERSION = YES;
				GCC_WARN_ABOUT_RETURN_TYPE = YES_ERROR;
				GCC_WARN_UNDECLARED_SELECTOR = YES;
				GCC_WARN_UNINITIALIZED_AUTOS = YES_AGGRESSIVE;
				GCC_WARN_UNUSED_FUNCTION = YES;
				GCC_WARN_UNUSED_VARIABLE = YES;
				IPHONEOS_DEPLOYMENT_TARGET = 12.4;
				MTL_ENABLE_DEBUG_INFO = INCLUDE_SOURCE;
				MTL_FAST_MATH = YES;
				ONLY_ACTIVE_ARCH = YES;
				SDKROOT = iphoneos;
				SWIFT_ACTIVE_COMPILATION_CONDITIONS = DEBUG;
				SWIFT_OPTIMIZATION_LEVEL = "-Onone";
			};
			name = Debug;
		};
		DBFA1E412316AF79009E2489 /* Release */ = {
			isa = XCBuildConfiguration;
			buildSettings = {
				ALWAYS_SEARCH_USER_PATHS = NO;
				CLANG_ANALYZER_NONNULL = YES;
				CLANG_ANALYZER_NUMBER_OBJECT_CONVERSION = YES_AGGRESSIVE;
				CLANG_CXX_LANGUAGE_STANDARD = "gnu++14";
				CLANG_CXX_LIBRARY = "libc++";
				CLANG_ENABLE_MODULES = YES;
				CLANG_ENABLE_OBJC_ARC = YES;
				CLANG_ENABLE_OBJC_WEAK = YES;
				CLANG_WARN_BLOCK_CAPTURE_AUTORELEASING = YES;
				CLANG_WARN_BOOL_CONVERSION = YES;
				CLANG_WARN_COMMA = YES;
				CLANG_WARN_CONSTANT_CONVERSION = YES;
				CLANG_WARN_DEPRECATED_OBJC_IMPLEMENTATIONS = YES;
				CLANG_WARN_DIRECT_OBJC_ISA_USAGE = YES_ERROR;
				CLANG_WARN_DOCUMENTATION_COMMENTS = YES;
				CLANG_WARN_EMPTY_BODY = YES;
				CLANG_WARN_ENUM_CONVERSION = YES;
				CLANG_WARN_INFINITE_RECURSION = YES;
				CLANG_WARN_INT_CONVERSION = YES;
				CLANG_WARN_NON_LITERAL_NULL_CONVERSION = YES;
				CLANG_WARN_OBJC_IMPLICIT_RETAIN_SELF = YES;
				CLANG_WARN_OBJC_LITERAL_CONVERSION = YES;
				CLANG_WARN_OBJC_ROOT_CLASS = YES_ERROR;
				CLANG_WARN_QUOTED_INCLUDE_IN_FRAMEWORK_HEADER = YES;
				CLANG_WARN_RANGE_LOOP_ANALYSIS = YES;
				CLANG_WARN_STRICT_PROTOTYPES = YES;
				CLANG_WARN_SUSPICIOUS_MOVE = YES;
				CLANG_WARN_UNGUARDED_AVAILABILITY = YES_AGGRESSIVE;
				CLANG_WARN_UNREACHABLE_CODE = YES;
				CLANG_WARN__DUPLICATE_METHOD_MATCH = YES;
				CODE_SIGN_IDENTITY = "iPhone Developer";
				COPY_PHASE_STRIP = NO;
				DEBUG_INFORMATION_FORMAT = "dwarf-with-dsym";
				ENABLE_NS_ASSERTIONS = NO;
				ENABLE_STRICT_OBJC_MSGSEND = YES;
				GCC_C_LANGUAGE_STANDARD = gnu11;
				GCC_NO_COMMON_BLOCKS = YES;
				GCC_WARN_64_TO_32_BIT_CONVERSION = YES;
				GCC_WARN_ABOUT_RETURN_TYPE = YES_ERROR;
				GCC_WARN_UNDECLARED_SELECTOR = YES;
				GCC_WARN_UNINITIALIZED_AUTOS = YES_AGGRESSIVE;
				GCC_WARN_UNUSED_FUNCTION = YES;
				GCC_WARN_UNUSED_VARIABLE = YES;
				IPHONEOS_DEPLOYMENT_TARGET = 12.4;
				MTL_ENABLE_DEBUG_INFO = NO;
				MTL_FAST_MATH = YES;
				SDKROOT = iphoneos;
				SWIFT_COMPILATION_MODE = wholemodule;
				SWIFT_OPTIMIZATION_LEVEL = "-O";
				VALIDATE_PRODUCT = YES;
			};
			name = Release;
		};
		DBFA1E432316AF79009E2489 /* Debug */ = {
			isa = XCBuildConfiguration;
			buildSettings = {
				ASSETCATALOG_COMPILER_APPICON_NAME = AppIcon;
				CODE_SIGN_STYLE = Automatic;
				DEVELOPMENT_TEAM = 2GLLGY9ZGF;
				FRAMEWORK_SEARCH_PATHS = (
					"$(inherited)",
					"$(PROJECT_DIR)/Carthage/Build/iOS",
				);
				INFOPLIST_FILE = "$(SRCROOT)/SwiftStars/Info.plist";
				IPHONEOS_DEPLOYMENT_TARGET = 13.7;
				LD_RUNPATH_SEARCH_PATHS = (
					"$(inherited)",
					"@executable_path/Frameworks",
				);
				PRODUCT_BUNDLE_IDENTIFIER = br.com.ronaldoalbertini.SwiftStars;
				PRODUCT_NAME = "$(TARGET_NAME)";
				SWIFT_VERSION = 5.0;
				TARGETED_DEVICE_FAMILY = 1;
				VALID_ARCHS = "arm64 arm64e armv7s armv7";
			};
			name = Debug;
		};
		DBFA1E442316AF79009E2489 /* Release */ = {
			isa = XCBuildConfiguration;
			buildSettings = {
				ASSETCATALOG_COMPILER_APPICON_NAME = AppIcon;
				CODE_SIGN_STYLE = Automatic;
				DEVELOPMENT_TEAM = 2GLLGY9ZGF;
				FRAMEWORK_SEARCH_PATHS = (
					"$(inherited)",
					"$(PROJECT_DIR)/Carthage/Build/iOS",
				);
				INFOPLIST_FILE = "$(SRCROOT)/SwiftStars/Info.plist";
				IPHONEOS_DEPLOYMENT_TARGET = 13.7;
				LD_RUNPATH_SEARCH_PATHS = (
					"$(inherited)",
					"@executable_path/Frameworks",
				);
				PRODUCT_BUNDLE_IDENTIFIER = br.com.ronaldoalbertini.SwiftStars;
				PRODUCT_NAME = "$(TARGET_NAME)";
				SWIFT_VERSION = 5.0;
				TARGETED_DEVICE_FAMILY = 1;
				VALID_ARCHS = "arm64 arm64e armv7s armv7";
			};
			name = Release;
		};
		DBFA1E462316AF79009E2489 /* Debug */ = {
			isa = XCBuildConfiguration;
			buildSettings = {
				ALWAYS_EMBED_SWIFT_STANDARD_LIBRARIES = YES;
				BUNDLE_LOADER = "$(TEST_HOST)";
				CODE_SIGN_STYLE = Automatic;
				DEVELOPMENT_TEAM = 2GLLGY9ZGF;
				FRAMEWORK_SEARCH_PATHS = (
					"$(inherited)",
					"$(PROJECT_DIR)/Carthage/Build/iOS",
				);
				INFOPLIST_FILE = "Swift StarsTests/Info.plist";
				LD_RUNPATH_SEARCH_PATHS = (
					"$(inherited)",
					"@executable_path/Frameworks",
					"@loader_path/Frameworks",
				);
				PRODUCT_BUNDLE_IDENTIFIER = "br.com.ronaldoalbertini.Swift-StarsTests";
				PRODUCT_NAME = "$(TARGET_NAME)";
				SWIFT_VERSION = 5.0;
				TARGETED_DEVICE_FAMILY = "1,2";
				TEST_HOST = "$(BUILT_PRODUCTS_DIR)/SwiftStars.app/SwiftStars";
			};
			name = Debug;
		};
		DBFA1E472316AF79009E2489 /* Release */ = {
			isa = XCBuildConfiguration;
			buildSettings = {
				ALWAYS_EMBED_SWIFT_STANDARD_LIBRARIES = YES;
				BUNDLE_LOADER = "$(TEST_HOST)";
				CODE_SIGN_STYLE = Automatic;
				DEVELOPMENT_TEAM = 2GLLGY9ZGF;
				FRAMEWORK_SEARCH_PATHS = (
					"$(inherited)",
					"$(PROJECT_DIR)/Carthage/Build/iOS",
				);
				INFOPLIST_FILE = "Swift StarsTests/Info.plist";
				LD_RUNPATH_SEARCH_PATHS = (
					"$(inherited)",
					"@executable_path/Frameworks",
					"@loader_path/Frameworks",
				);
				PRODUCT_BUNDLE_IDENTIFIER = "br.com.ronaldoalbertini.Swift-StarsTests";
				PRODUCT_NAME = "$(TARGET_NAME)";
				SWIFT_VERSION = 5.0;
				TARGETED_DEVICE_FAMILY = "1,2";
				TEST_HOST = "$(BUILT_PRODUCTS_DIR)/SwiftStars.app/SwiftStars";
			};
			name = Release;
		};
/* End XCBuildConfiguration section */

/* Begin XCConfigurationList section */
		DBFA1E202316AF77009E2489 /* Build configuration list for PBXProject "SwiftStars" */ = {
			isa = XCConfigurationList;
			buildConfigurations = (
				DBFA1E402316AF79009E2489 /* Debug */,
				DBFA1E412316AF79009E2489 /* Release */,
			);
			defaultConfigurationIsVisible = 0;
			defaultConfigurationName = Release;
		};
		DBFA1E422316AF79009E2489 /* Build configuration list for PBXNativeTarget "SwiftStars" */ = {
			isa = XCConfigurationList;
			buildConfigurations = (
				DBFA1E432316AF79009E2489 /* Debug */,
				DBFA1E442316AF79009E2489 /* Release */,
			);
			defaultConfigurationIsVisible = 0;
			defaultConfigurationName = Release;
		};
		DBFA1E452316AF79009E2489 /* Build configuration list for PBXNativeTarget "SwiftStarsTests" */ = {
			isa = XCConfigurationList;
			buildConfigurations = (
				DBFA1E462316AF79009E2489 /* Debug */,
				DBFA1E472316AF79009E2489 /* Release */,
			);
			defaultConfigurationIsVisible = 0;
			defaultConfigurationName = Release;
		};
/* End XCConfigurationList section */
	};
	rootObject = DBFA1E1D2316AF77009E2489 /* Project object */;
}
